
Microsoft Visual Studio Solution File, Format Version 12.00
# Visual Studio Version 17
VisualStudioVersion = 17.11.35312.102
MinimumVisualStudioVersion = 10.0.40219.1
Project("{8BC9CEB8-8B4A-11D0-8D11-00A0C91BC942}") = "handle_diff_sorts_arrange", "handle_diff_sorts_arrange.vcxproj", "{B12DF9F9-283B-47F7-B4A3-94F46EBD4640}"
EndProject
Global
	GlobalSection(SolutionConfigurationPlatforms) = preSolution
		Debug|ARM64 = Debug|ARM64
		Debug|x64 = Debug|x64
		Debug|x86 = Debug|x86
		Release|ARM64 = Release|ARM64
		Release|x64 = Release|x64
		Release|x86 = Release|x86
	EndGlobalSection
	GlobalSection(ProjectConfigurationPlatforms) = postSolution
		{B12DF9F9-283B-47F7-B4A3-94F46EBD4640}.Debug|ARM64.ActiveCfg = Debug|ARM64
		{B12DF9F9-283B-47F7-B4A3-94F46EBD4640}.Debug|ARM64.Build.0 = Debug|ARM64
		{B12DF9F9-283B-47F7-B4A3-94F46EBD4640}.Debug|x64.ActiveCfg = Debug|x64
		{B12DF9F9-283B-47F7-B4A3-94F46EBD4640}.Debug|x64.Build.0 = Debug|x64
		{B12DF9F9-283B-47F7-B4A3-94F46EBD4640}.Debug|x86.ActiveCfg = Debug|Win32
		{B12DF9F9-283B-47F7-B4A3-94F46EBD4640}.Debug|x86.Build.0 = Debug|Win32
		{B12DF9F9-283B-47F7-B4A3-94F46EBD4640}.Release|ARM64.ActiveCfg = Release|ARM64
		{B12DF9F9-283B-47F7-B4A3-94F46EBD4640}.Release|ARM64.Build.0 = Release|ARM64
		{B12DF9F9-283B-47F7-B4A3-94F46EBD4640}.Release|x64.ActiveCfg = Release|x64
		{B12DF9F9-283B-47F7-B4A3-94F46EBD4640}.Release|x64.Build.0 = Release|x64
		{B12DF9F9-283B-47F7-B4A3-94F46EBD4640}.Release|x86.ActiveCfg = Release|Win32
		{B12DF9F9-283B-47F7-B4A3-94F46EBD4640}.Release|x86.Build.0 = Release|Win32
	EndGlobalSection
	GlobalSection(SolutionProperties) = preSolution
		HideSolutionNode = FALSE
	EndGlobalSection
	GlobalSection(ExtensibilityGlobals) = postSolution
		SolutionGuid = {9E2A50A8-3499-4569-B6C3-9EF35D8B46C1}
	EndGlobalSection
EndGlobal
